
Microsoft Visual Studio Solution File, Format Version 12.00
# Visual Studio Version 16
VisualStudioVersion = 16.0.30503.244
MinimumVisualStudioVersion = 10.0.40219.1
Project("{9A19103F-16F7-4668-BE54-9A1E7A4F7556}") = "ComMonitor", "Monitor\ComMonitor.csproj", "{CFCB6716-7F4B-4A12-AD90-EA34DFEF48D1}"
EndProject
Project("{9A19103F-16F7-4668-BE54-9A1E7A4F7556}") = "ComLib", "ComLib\ComLib.csproj", "{548162A2-2AF9-40B3-B9CA-0F9E68CA0D93}"
EndProject
Project("{9A19103F-16F7-4668-BE54-9A1E7A4F7556}") = "RealTimeGraphX", "RealTimeGraphX\RealTimeGraphX.csproj", "{DA8E1400-ED4F-4E0E-9DDE-56B634707333}"
EndProject
Project("{9A19103F-16F7-4668-BE54-9A1E7A4F7556}") = "RealTimeGraphX.WPF", "RealTimeGraphX.WPF\RealTimeGraphX.WPF.csproj", "{6B9774F7-960D-438E-AD81-C6B9BE328D50}"
EndProject
Project("{FAE04EC0-301F-11D3-BF4B-00C04F79EFBC}") = "ComPlotter", "ComPlotter\ComPlotter.csproj", "{B7F81EB0-AADC-499B-A7CB-495C69A1E721}"
EndProject
Global
	GlobalSection(SolutionConfigurationPlatforms) = preSolution
		Debug|Any CPU = Debug|Any CPU
		Debug|x64 = Debug|x64
		Debug|x86 = Debug|x86
		Release|Any CPU = Release|Any CPU
		Release|x64 = Release|x64
		Release|x86 = Release|x86
	EndGlobalSection
	GlobalSection(ProjectConfigurationPlatforms) = postSolution
		{CFCB6716-7F4B-4A12-AD90-EA34DFEF48D1}.Debug|Any CPU.ActiveCfg = Debug|Any CPU
		{CFCB6716-7F4B-4A12-AD90-EA34DFEF48D1}.Debug|Any CPU.Build.0 = Debug|Any CPU
		{CFCB6716-7F4B-4A12-AD90-EA34DFEF48D1}.Debug|x64.ActiveCfg = Debug|Any CPU
		{CFCB6716-7F4B-4A12-AD90-EA34DFEF48D1}.Debug|x64.Build.0 = Debug|Any CPU
		{CFCB6716-7F4B-4A12-AD90-EA34DFEF48D1}.Debug|x86.ActiveCfg = Debug|Any CPU
		{CFCB6716-7F4B-4A12-AD90-EA34DFEF48D1}.Debug|x86.Build.0 = Debug|Any CPU
		{CFCB6716-7F4B-4A12-AD90-EA34DFEF48D1}.Release|Any CPU.ActiveCfg = Release|Any CPU
		{CFCB6716-7F4B-4A12-AD90-EA34DFEF48D1}.Release|Any CPU.Build.0 = Release|Any CPU
		{CFCB6716-7F4B-4A12-AD90-EA34DFEF48D1}.Release|x64.ActiveCfg = Release|Any CPU
		{CFCB6716-7F4B-4A12-AD90-EA34DFEF48D1}.Release|x64.Build.0 = Release|Any CPU
		{CFCB6716-7F4B-4A12-AD90-EA34DFEF48D1}.Release|x86.ActiveCfg = Release|Any CPU
		{CFCB6716-7F4B-4A12-AD90-EA34DFEF48D1}.Release|x86.Build.0 = Release|Any CPU
		{548162A2-2AF9-40B3-B9CA-0F9E68CA0D93}.Debug|Any CPU.ActiveCfg = Debug|Any CPU
		{548162A2-2AF9-40B3-B9CA-0F9E68CA0D93}.Debug|Any CPU.Build.0 = Debug|Any CPU
		{548162A2-2AF9-40B3-B9CA-0F9E68CA0D93}.Debug|x64.ActiveCfg = Debug|Any CPU
		{548162A2-2AF9-40B3-B9CA-0F9E68CA0D93}.Debug|x64.Build.0 = Debug|Any CPU
		{548162A2-2AF9-40B3-B9CA-0F9E68CA0D93}.Debug|x86.ActiveCfg = Debug|Any CPU
		{548162A2-2AF9-40B3-B9CA-0F9E68CA0D93}.Debug|x86.Build.0 = Debug|Any CPU
		{548162A2-2AF9-40B3-B9CA-0F9E68CA0D93}.Release|Any CPU.ActiveCfg = Release|Any CPU
		{548162A2-2AF9-40B3-B9CA-0F9E68CA0D93}.Release|Any CPU.Build.0 = Release|Any CPU
		{548162A2-2AF9-40B3-B9CA-0F9E68CA0D93}.Release|x64.ActiveCfg = Release|Any CPU
		{548162A2-2AF9-40B3-B9CA-0F9E68CA0D93}.Release|x64.Build.0 = Release|Any CPU
		{548162A2-2AF9-40B3-B9CA-0F9E68CA0D93}.Release|x86.ActiveCfg = Release|Any CPU
		{548162A2-2AF9-40B3-B9CA-0F9E68CA0D93}.Release|x86.Build.0 = Release|Any CPU
		{DA8E1400-ED4F-4E0E-9DDE-56B634707333}.Debug|Any CPU.ActiveCfg = Release|Any CPU
		{DA8E1400-ED4F-4E0E-9DDE-56B634707333}.Debug|Any CPU.Build.0 = Release|Any CPU
		{DA8E1400-ED4F-4E0E-9DDE-56B634707333}.Debug|x64.ActiveCfg = Release|Any CPU
		{DA8E1400-ED4F-4E0E-9DDE-56B634707333}.Debug|x64.Build.0 = Release|Any CPU
		{DA8E1400-ED4F-4E0E-9DDE-56B634707333}.Debug|x86.ActiveCfg = Release|Any CPU
		{DA8E1400-ED4F-4E0E-9DDE-56B634707333}.Debug|x86.Build.0 = Release|Any CPU
		{DA8E1400-ED4F-4E0E-9DDE-56B634707333}.Release|Any CPU.ActiveCfg = Release|Any CPU
		{DA8E1400-ED4F-4E0E-9DDE-56B634707333}.Release|Any CPU.Build.0 = Release|Any CPU
		{DA8E1400-ED4F-4E0E-9DDE-56B634707333}.Release|x64.ActiveCfg = Release|Any CPU
		{DA8E1400-ED4F-4E0E-9DDE-56B634707333}.Release|x64.Build.0 = Release|Any CPU
		{DA8E1400-ED4F-4E0E-9DDE-56B634707333}.Release|x86.ActiveCfg = Release|Any CPU
		{DA8E1400-ED4F-4E0E-9DDE-56B634707333}.Release|x86.Build.0 = Release|Any CPU
		{6B9774F7-960D-438E-AD81-C6B9BE328D50}.Debug|Any CPU.ActiveCfg = Debug|Any CPU
		{6B9774F7-960D-438E-AD81-C6B9BE328D50}.Debug|Any CPU.Build.0 = Debug|Any CPU
		{6B9774F7-960D-438E-AD81-C6B9BE328D50}.Debug|x64.ActiveCfg = Debug|Any CPU
		{6B9774F7-960D-438E-AD81-C6B9BE328D50}.Debug|x64.Build.0 = Debug|Any CPU
		{6B9774F7-960D-438E-AD81-C6B9BE328D50}.Debug|x86.ActiveCfg = Debug|Any CPU
		{6B9774F7-960D-438E-AD81-C6B9BE328D50}.Debug|x86.Build.0 = Debug|Any CPU
		{6B9774F7-960D-438E-AD81-C6B9BE328D50}.Release|Any CPU.ActiveCfg = Release|Any CPU
		{6B9774F7-960D-438E-AD81-C6B9BE328D50}.Release|Any CPU.Build.0 = Release|Any CPU
		{6B9774F7-960D-438E-AD81-C6B9BE328D50}.Release|x64.ActiveCfg = Release|Any CPU
		{6B9774F7-960D-438E-AD81-C6B9BE328D50}.Release|x64.Build.0 = Release|Any CPU
		{6B9774F7-960D-438E-AD81-C6B9BE328D50}.Release|x86.ActiveCfg = Release|Any CPU
		{6B9774F7-960D-438E-AD81-C6B9BE328D50}.Release|x86.Build.0 = Release|Any CPU
		{B7F81EB0-AADC-499B-A7CB-495C69A1E721}.Debug|Any CPU.ActiveCfg = Debug|Any CPU
		{B7F81EB0-AADC-499B-A7CB-495C69A1E721}.Debug|Any CPU.Build.0 = Debug|Any CPU
		{B7F81EB0-AADC-499B-A7CB-495C69A1E721}.Debug|x64.ActiveCfg = Debug|Any CPU
		{B7F81EB0-AADC-499B-A7CB-495C69A1E721}.Debug|x64.Build.0 = Debug|Any CPU
		{B7F81EB0-AADC-499B-A7CB-495C69A1E721}.Debug|x86.ActiveCfg = Debug|Any CPU
		{B7F81EB0-AADC-499B-A7CB-495C69A1E721}.Debug|x86.Build.0 = Debug|Any CPU
		{B7F81EB0-AADC-499B-A7CB-495C69A1E721}.Release|Any CPU.ActiveCfg = Release|Any CPU
		{B7F81EB0-AADC-499B-A7CB-495C69A1E721}.Release|Any CPU.Build.0 = Release|Any CPU
		{B7F81EB0-AADC-499B-A7CB-495C69A1E721}.Release|x64.ActiveCfg = Release|Any CPU
		{B7F81EB0-AADC-499B-A7CB-495C69A1E721}.Release|x64.Build.0 = Release|Any CPU
		{B7F81EB0-AADC-499B-A7CB-495C69A1E721}.Release|x86.ActiveCfg = Release|Any CPU
		{B7F81EB0-AADC-499B-A7CB-495C69A1E721}.Release|x86.Build.0 = Release|Any CPU
	EndGlobalSection
	GlobalSection(SolutionProperties) = preSolution
		HideSolutionNode = FALSE
	EndGlobalSection
	GlobalSection(ExtensibilityGlobals) = postSolution
		SolutionGuid = {E0AED554-86A6-447B-95EE-72755FAEFA58}
	EndGlobalSection
EndGlobal
